
Microsoft Visual Studio Solution File, Format Version 12.00
# Visual Studio 15
VisualStudioVersion = 15.0.26124.0
MinimumVisualStudioVersion = 15.0.26124.0
Project("{2150E333-8FDC-42A3-9474-1A3956D46DE8}") = "src", "src", "{88385ED2-44AD-4FD1-B956-40770E2308F1}"
EndProject
Project("{FAE04EC0-301F-11D3-BF4B-00C04F79EFBC}") = "Schmoli.Services.Core", "src\Schmoli.Services.Core\Schmoli.Services.Core.csproj", "{CA2AD69F-50EF-4B2D-BD6F-3CAD96E251AA}"
EndProject
Project("{FAE04EC0-301F-11D3-BF4B-00C04F79EFBC}") = "Schmoli.Services.Core.Tests", "src\Schmoli.Services.Core.Tests\Schmoli.Services.Core.Tests.csproj", "{7F750F62-9367-44C3-97E1-935593428FE0}"
EndProject
Project("{FAE04EC0-301F-11D3-BF4B-00C04F79EFBC}") = "Schmoli.ServiceTemplate", "src\Schmoli.ServiceTemplate\Schmoli.ServiceTemplate.csproj", "{679B3383-FACF-41DF-B627-31FA40BA2265}"
EndProject
Global
	GlobalSection(SolutionConfigurationPlatforms) = preSolution
		Debug|Any CPU = Debug|Any CPU
		Debug|x64 = Debug|x64
		Debug|x86 = Debug|x86
		Release|Any CPU = Release|Any CPU
		Release|x64 = Release|x64
		Release|x86 = Release|x86
	EndGlobalSection
	GlobalSection(SolutionProperties) = preSolution
		HideSolutionNode = FALSE
	EndGlobalSection
	GlobalSection(ProjectConfigurationPlatforms) = postSolution
		{CA2AD69F-50EF-4B2D-BD6F-3CAD96E251AA}.Debug|Any CPU.ActiveCfg = Debug|Any CPU
		{CA2AD69F-50EF-4B2D-BD6F-3CAD96E251AA}.Debug|Any CPU.Build.0 = Debug|Any CPU
		{CA2AD69F-50EF-4B2D-BD6F-3CAD96E251AA}.Debug|x64.ActiveCfg = Debug|Any CPU
		{CA2AD69F-50EF-4B2D-BD6F-3CAD96E251AA}.Debug|x64.Build.0 = Debug|Any CPU
		{CA2AD69F-50EF-4B2D-BD6F-3CAD96E251AA}.Debug|x86.ActiveCfg = Debug|Any CPU
		{CA2AD69F-50EF-4B2D-BD6F-3CAD96E251AA}.Debug|x86.Build.0 = Debug|Any CPU
		{CA2AD69F-50EF-4B2D-BD6F-3CAD96E251AA}.Release|Any CPU.ActiveCfg = Release|Any CPU
		{CA2AD69F-50EF-4B2D-BD6F-3CAD96E251AA}.Release|Any CPU.Build.0 = Release|Any CPU
		{CA2AD69F-50EF-4B2D-BD6F-3CAD96E251AA}.Release|x64.ActiveCfg = Release|Any CPU
		{CA2AD69F-50EF-4B2D-BD6F-3CAD96E251AA}.Release|x64.Build.0 = Release|Any CPU
		{CA2AD69F-50EF-4B2D-BD6F-3CAD96E251AA}.Release|x86.ActiveCfg = Release|Any CPU
		{CA2AD69F-50EF-4B2D-BD6F-3CAD96E251AA}.Release|x86.Build.0 = Release|Any CPU
		{7F750F62-9367-44C3-97E1-935593428FE0}.Debug|Any CPU.ActiveCfg = Debug|Any CPU
		{7F750F62-9367-44C3-97E1-935593428FE0}.Debug|Any CPU.Build.0 = Debug|Any CPU
		{7F750F62-9367-44C3-97E1-935593428FE0}.Debug|x64.ActiveCfg = Debug|Any CPU
		{7F750F62-9367-44C3-97E1-935593428FE0}.Debug|x64.Build.0 = Debug|Any CPU
		{7F750F62-9367-44C3-97E1-935593428FE0}.Debug|x86.ActiveCfg = Debug|Any CPU
		{7F750F62-9367-44C3-97E1-935593428FE0}.Debug|x86.Build.0 = Debug|Any CPU
		{7F750F62-9367-44C3-97E1-935593428FE0}.Release|Any CPU.ActiveCfg = Release|Any CPU
		{7F750F62-9367-44C3-97E1-935593428FE0}.Release|Any CPU.Build.0 = Release|Any CPU
		{7F750F62-9367-44C3-97E1-935593428FE0}.Release|x64.ActiveCfg = Release|Any CPU
		{7F750F62-9367-44C3-97E1-935593428FE0}.Release|x64.Build.0 = Release|Any CPU
		{7F750F62-9367-44C3-97E1-935593428FE0}.Release|x86.ActiveCfg = Release|Any CPU
		{7F750F62-9367-44C3-97E1-935593428FE0}.Release|x86.Build.0 = Release|Any CPU
		{679B3383-FACF-41DF-B627-31FA40BA2265}.Debug|Any CPU.ActiveCfg = Debug|Any CPU
		{679B3383-FACF-41DF-B627-31FA40BA2265}.Debug|Any CPU.Build.0 = Debug|Any CPU
		{679B3383-FACF-41DF-B627-31FA40BA2265}.Debug|x64.ActiveCfg = Debug|Any CPU
		{679B3383-FACF-41DF-B627-31FA40BA2265}.Debug|x64.Build.0 = Debug|Any CPU
		{679B3383-FACF-41DF-B627-31FA40BA2265}.Debug|x86.ActiveCfg = Debug|Any CPU
		{679B3383-FACF-41DF-B627-31FA40BA2265}.Debug|x86.Build.0 = Debug|Any CPU
		{679B3383-FACF-41DF-B627-31FA40BA2265}.Release|Any CPU.ActiveCfg = Release|Any CPU
		{679B3383-FACF-41DF-B627-31FA40BA2265}.Release|Any CPU.Build.0 = Release|Any CPU
		{679B3383-FACF-41DF-B627-31FA40BA2265}.Release|x64.ActiveCfg = Release|Any CPU
		{679B3383-FACF-41DF-B627-31FA40BA2265}.Release|x64.Build.0 = Release|Any CPU
		{679B3383-FACF-41DF-B627-31FA40BA2265}.Release|x86.ActiveCfg = Release|Any CPU
		{679B3383-FACF-41DF-B627-31FA40BA2265}.Release|x86.Build.0 = Release|Any CPU
	EndGlobalSection
	GlobalSection(NestedProjects) = preSolution
		{CA2AD69F-50EF-4B2D-BD6F-3CAD96E251AA} = {88385ED2-44AD-4FD1-B956-40770E2308F1}
		{7F750F62-9367-44C3-97E1-935593428FE0} = {88385ED2-44AD-4FD1-B956-40770E2308F1}
		{679B3383-FACF-41DF-B627-31FA40BA2265} = {88385ED2-44AD-4FD1-B956-40770E2308F1}
	EndGlobalSection
EndGlobal
